// !$*UTF8*$!
{
	archiveVersion = 1;
	classes = {
	};
	objectVersion = 52;
	objects = {

/* Begin PBXBuildFile section */
		8E594EA3270793E0006FCC50 /* Persistence Manager.swift in Sources */ = {isa = PBXBuildFile; fileRef = 8E594EA2270793E0006FCC50 /* Persistence Manager.swift */; };
		8E594EA527079842006FCC50 /* Scheduled.swift in Sources */ = {isa = PBXBuildFile; fileRef = 8E594EA427079842006FCC50 /* Scheduled.swift */; };
		8E594EA82707F064006FCC50 /* TCMButton.swift in Sources */ = {isa = PBXBuildFile; fileRef = 8E594EA72707F064006FCC50 /* TCMButton.swift */; };
		8EA46BB9270A72BE004DABC1 /* ScheduleCell.swift in Sources */ = {isa = PBXBuildFile; fileRef = 8EA46BB8270A72BE004DABC1 /* ScheduleCell.swift */; };
		8EA46BBC270D0AAC004DABC1 /* Collections in Frameworks */ = {isa = PBXBuildFile; productRef = 8EA46BBB270D0AAC004DABC1 /* Collections */; };
		8EA46BBE270D0AAC004DABC1 /* DequeModule in Frameworks */ = {isa = PBXBuildFile; productRef = 8EA46BBD270D0AAC004DABC1 /* DequeModule */; };
		8EA46BC0270D0AAC004DABC1 /* OrderedCollections in Frameworks */ = {isa = PBXBuildFile; productRef = 8EA46BBF270D0AAC004DABC1 /* OrderedCollections */; };
		8EA46BC2270D0D61004DABC1 /* ScheduleDayHeaderCell.swift in Sources */ = {isa = PBXBuildFile; fileRef = 8EA46BC1270D0D61004DABC1 /* ScheduleDayHeaderCell.swift */; };
		8EF11E9926F905F7000788EF /* AppDelegate.swift in Sources */ = {isa = PBXBuildFile; fileRef = 8EF11E9826F905F7000788EF /* AppDelegate.swift */; };
		8EF11E9B26F905F7000788EF /* SceneDelegate.swift in Sources */ = {isa = PBXBuildFile; fileRef = 8EF11E9A26F905F7000788EF /* SceneDelegate.swift */; };
		8EF11EA026F905F7000788EF /* Main.storyboard in Resources */ = {isa = PBXBuildFile; fileRef = 8EF11E9E26F905F7000788EF /* Main.storyboard */; };
		8EF11EA326F905F7000788EF /* TheClassicMovieApp.xcdatamodeld in Sources */ = {isa = PBXBuildFile; fileRef = 8EF11EA126F905F7000788EF /* TheClassicMovieApp.xcdatamodeld */; };
		8EF11EA526F905FB000788EF /* Assets.xcassets in Resources */ = {isa = PBXBuildFile; fileRef = 8EF11EA426F905FB000788EF /* Assets.xcassets */; };
		8EF11EA826F905FB000788EF /* LaunchScreen.storyboard in Resources */ = {isa = PBXBuildFile; fileRef = 8EF11EA626F905FB000788EF /* LaunchScreen.storyboard */; };
		8EF11EB126F91DF2000788EF /* HomeViewController.swift in Sources */ = {isa = PBXBuildFile; fileRef = 8EF11EB026F91DF2000788EF /* HomeViewController.swift */; };
		8EF11EB426F91E38000788EF /* FutureMoviesViewController.swift in Sources */ = {isa = PBXBuildFile; fileRef = 8EF11EB326F91E38000788EF /* FutureMoviesViewController.swift */; };
		8EF11EB626F91E91000788EF /* UserProfileViewController.swift in Sources */ = {isa = PBXBuildFile; fileRef = 8EF11EB526F91E91000788EF /* UserProfileViewController.swift */; };
		8EF11EB826F91EC0000788EF /* TCMLabel.swift in Sources */ = {isa = PBXBuildFile; fileRef = 8EF11EB726F91EC0000788EF /* TCMLabel.swift */; };
		8EF11EBB26F91FA0000788EF /* MovieListingCell.swift in Sources */ = {isa = PBXBuildFile; fileRef = 8EF11EBA26F91FA0000788EF /* MovieListingCell.swift */; };
		8EF11EBE26F91FE8000788EF /* OnTonightCell.swift in Sources */ = {isa = PBXBuildFile; fileRef = 8EF11EBD26F91FE8000788EF /* OnTonightCell.swift */; };
		8EF11EC026F92040000788EF /* ProductionInfoCell.swift in Sources */ = {isa = PBXBuildFile; fileRef = 8EF11EBF26F92040000788EF /* ProductionInfoCell.swift */; };
		8EF11EC326F9210D000788EF /* NetworkManager.swift in Sources */ = {isa = PBXBuildFile; fileRef = 8EF11EC226F9210D000788EF /* NetworkManager.swift */; };
		8EF11EC626F9215D000788EF /* Movie.swift in Sources */ = {isa = PBXBuildFile; fileRef = 8EF11EC526F9215D000788EF /* Movie.swift */; };
		8EF11EC826F92593000788EF /* TCMError.swift in Sources */ = {isa = PBXBuildFile; fileRef = 8EF11EC726F92592000788EF /* TCMError.swift */; };
		8EF11ECC26FBDEC7000788EF /* TCMOnTonightImageView.swift in Sources */ = {isa = PBXBuildFile; fileRef = 8EF11ECB26FBDEC7000788EF /* TCMOnTonightImageView.swift */; };
		8EF11ED126FD49B7000788EF /* MovieDetailsViewController.swift in Sources */ = {isa = PBXBuildFile; fileRef = 8EF11ED026FD49B7000788EF /* MovieDetailsViewController.swift */; };
		8EF11ED327022FAD000788EF /* TCMBodyLabel.swift in Sources */ = {isa = PBXBuildFile; fileRef = 8EF11ED227022FAD000788EF /* TCMBodyLabel.swift */; };
		8EF11EDB27027075000788EF /* CustomExtensions.swift in Sources */ = {isa = PBXBuildFile; fileRef = 8EF11EDA27027075000788EF /* CustomExtensions.swift */; };
		8EF11EDF27027874000788EF /* TCMGradientLayer.swift in Sources */ = {isa = PBXBuildFile; fileRef = 8EF11EDE27027874000788EF /* TCMGradientLayer.swift */; };
/* End PBXBuildFile section */

/* Begin PBXFileReference section */
		8E594EA2270793E0006FCC50 /* Persistence Manager.swift */ = {isa = PBXFileReference; lastKnownFileType = sourcecode.swift; path = "Persistence Manager.swift"; sourceTree = "<group>"; };
		8E594EA427079842006FCC50 /* Scheduled.swift */ = {isa = PBXFileReference; lastKnownFileType = sourcecode.swift; path = Scheduled.swift; sourceTree = "<group>"; };
		8E594EA72707F064006FCC50 /* TCMButton.swift */ = {isa = PBXFileReference; lastKnownFileType = sourcecode.swift; path = TCMButton.swift; sourceTree = "<group>"; };
		8EA46BB8270A72BE004DABC1 /* ScheduleCell.swift */ = {isa = PBXFileReference; lastKnownFileType = sourcecode.swift; path = ScheduleCell.swift; sourceTree = "<group>"; };
		8EA46BC1270D0D61004DABC1 /* ScheduleDayHeaderCell.swift */ = {isa = PBXFileReference; lastKnownFileType = sourcecode.swift; path = ScheduleDayHeaderCell.swift; sourceTree = "<group>"; };
		8EF11E9526F905F7000788EF /* TheClassicMovieApp.app */ = {isa = PBXFileReference; explicitFileType = wrapper.application; includeInIndex = 0; path = TheClassicMovieApp.app; sourceTree = BUILT_PRODUCTS_DIR; };
		8EF11E9826F905F7000788EF /* AppDelegate.swift */ = {isa = PBXFileReference; lastKnownFileType = sourcecode.swift; path = AppDelegate.swift; sourceTree = "<group>"; };
		8EF11E9A26F905F7000788EF /* SceneDelegate.swift */ = {isa = PBXFileReference; lastKnownFileType = sourcecode.swift; path = SceneDelegate.swift; sourceTree = "<group>"; };
		8EF11E9F26F905F7000788EF /* Base */ = {isa = PBXFileReference; lastKnownFileType = file.storyboard; name = Base; path = Base.lproj/Main.storyboard; sourceTree = "<group>"; };
		8EF11EA226F905F7000788EF /* TheClassicMovieApp.xcdatamodel */ = {isa = PBXFileReference; lastKnownFileType = wrapper.xcdatamodel; path = TheClassicMovieApp.xcdatamodel; sourceTree = "<group>"; };
		8EF11EA426F905FB000788EF /* Assets.xcassets */ = {isa = PBXFileReference; lastKnownFileType = folder.assetcatalog; path = Assets.xcassets; sourceTree = "<group>"; };
		8EF11EA726F905FB000788EF /* Base */ = {isa = PBXFileReference; lastKnownFileType = file.storyboard; name = Base; path = Base.lproj/LaunchScreen.storyboard; sourceTree = "<group>"; };
		8EF11EA926F905FB000788EF /* Info.plist */ = {isa = PBXFileReference; lastKnownFileType = text.plist.xml; path = Info.plist; sourceTree = "<group>"; };
		8EF11EB026F91DF2000788EF /* HomeViewController.swift */ = {isa = PBXFileReference; lastKnownFileType = sourcecode.swift; path = HomeViewController.swift; sourceTree = "<group>"; };
		8EF11EB326F91E38000788EF /* FutureMoviesViewController.swift */ = {isa = PBXFileReference; lastKnownFileType = sourcecode.swift; path = FutureMoviesViewController.swift; sourceTree = "<group>"; };
		8EF11EB526F91E91000788EF /* UserProfileViewController.swift */ = {isa = PBXFileReference; lastKnownFileType = sourcecode.swift; path = UserProfileViewController.swift; sourceTree = "<group>"; };
		8EF11EB726F91EC0000788EF /* TCMLabel.swift */ = {isa = PBXFileReference; lastKnownFileType = sourcecode.swift; path = TCMLabel.swift; sourceTree = "<group>"; };
		8EF11EBA26F91FA0000788EF /* MovieListingCell.swift */ = {isa = PBXFileReference; lastKnownFileType = sourcecode.swift; path = MovieListingCell.swift; sourceTree = "<group>"; };
		8EF11EBD26F91FE8000788EF /* OnTonightCell.swift */ = {isa = PBXFileReference; indentWidth = 3; lastKnownFileType = sourcecode.swift; path = OnTonightCell.swift; sourceTree = "<group>"; };
		8EF11EBF26F92040000788EF /* ProductionInfoCell.swift */ = {isa = PBXFileReference; lastKnownFileType = sourcecode.swift; path = ProductionInfoCell.swift; sourceTree = "<group>"; };
		8EF11EC226F9210D000788EF /* NetworkManager.swift */ = {isa = PBXFileReference; lastKnownFileType = sourcecode.swift; path = NetworkManager.swift; sourceTree = "<group>"; };
		8EF11EC526F9215D000788EF /* Movie.swift */ = {isa = PBXFileReference; lastKnownFileType = sourcecode.swift; path = Movie.swift; sourceTree = "<group>"; };
		8EF11EC726F92592000788EF /* TCMError.swift */ = {isa = PBXFileReference; lastKnownFileType = sourcecode.swift; path = TCMError.swift; sourceTree = "<group>"; };
		8EF11ECB26FBDEC7000788EF /* TCMOnTonightImageView.swift */ = {isa = PBXFileReference; lastKnownFileType = sourcecode.swift; path = TCMOnTonightImageView.swift; sourceTree = "<group>"; };
		8EF11ED026FD49B7000788EF /* MovieDetailsViewController.swift */ = {isa = PBXFileReference; lastKnownFileType = sourcecode.swift; path = MovieDetailsViewController.swift; sourceTree = "<group>"; };
		8EF11ED227022FAD000788EF /* TCMBodyLabel.swift */ = {isa = PBXFileReference; lastKnownFileType = sourcecode.swift; path = TCMBodyLabel.swift; sourceTree = "<group>"; };
		8EF11EDA27027075000788EF /* CustomExtensions.swift */ = {isa = PBXFileReference; lastKnownFileType = sourcecode.swift; path = CustomExtensions.swift; sourceTree = "<group>"; };
		8EF11EDE27027874000788EF /* TCMGradientLayer.swift */ = {isa = PBXFileReference; lastKnownFileType = sourcecode.swift; path = TCMGradientLayer.swift; sourceTree = "<group>"; };
/* End PBXFileReference section */

/* Begin PBXFrameworksBuildPhase section */
		8EF11E9226F905F7000788EF /* Frameworks */ = {
			isa = PBXFrameworksBuildPhase;
			buildActionMask = 2147483647;
			files = (
				8EA46BBC270D0AAC004DABC1 /* Collections in Frameworks */,
				8EA46BBE270D0AAC004DABC1 /* DequeModule in Frameworks */,
				8EA46BC0270D0AAC004DABC1 /* OrderedCollections in Frameworks */,
			);
			runOnlyForDeploymentPostprocessing = 0;
		};
/* End PBXFrameworksBuildPhase section */

/* Begin PBXGroup section */
		8E594EA627079A21006FCC50 /* Utilities */ = {
			isa = PBXGroup;
			children = (
				8EF11EC726F92592000788EF /* TCMError.swift */,
			);
			path = Utilities;
			sourceTree = "<group>";
		};
		8E594EA92707F069006FCC50 /* Buttons */ = {
			isa = PBXGroup;
			children = (
				8E594EA72707F064006FCC50 /* TCMButton.swift */,
			);
			path = Buttons;
			sourceTree = "<group>";
		};
		8EF11E8C26F905F7000788EF = {
			isa = PBXGroup;
			children = (
				8EF11E9726F905F7000788EF /* TheClassicMovieApp */,
				8EF11E9626F905F7000788EF /* Products */,
			);
			sourceTree = "<group>";
		};
		8EF11E9626F905F7000788EF /* Products */ = {
			isa = PBXGroup;
			children = (
				8EF11E9526F905F7000788EF /* TheClassicMovieApp.app */,
			);
			name = Products;
			sourceTree = "<group>";
		};
		8EF11E9726F905F7000788EF /* TheClassicMovieApp */ = {
			isa = PBXGroup;
			children = (
				8E594EA627079A21006FCC50 /* Utilities */,
				8EF11EC426F92151000788EF /* Models */,
				8EF11EC126F920F6000788EF /* Managers */,
				8EF11EB226F91E0B000788EF /* Screens */,
				8EF11ECD26FBDECD000788EF /* CustomViews */,
				8EF11EA926F905FB000788EF /* Info.plist */,
				8EF11EAF26F91D65000788EF /* Support */,
			);
			path = TheClassicMovieApp;
			sourceTree = "<group>";
		};
		8EF11EAF26F91D65000788EF /* Support */ = {
			isa = PBXGroup;
			children = (
				8EF11E9826F905F7000788EF /* AppDelegate.swift */,
				8EF11E9A26F905F7000788EF /* SceneDelegate.swift */,
				8EF11E9E26F905F7000788EF /* Main.storyboard */,
				8EF11EA426F905FB000788EF /* Assets.xcassets */,
				8EF11EA626F905FB000788EF /* LaunchScreen.storyboard */,
				8EF11EA126F905F7000788EF /* TheClassicMovieApp.xcdatamodeld */,
				8EF11EDA27027075000788EF /* CustomExtensions.swift */,
			);
			path = Support;
			sourceTree = "<group>";
		};
		8EF11EB226F91E0B000788EF /* Screens */ = {
			isa = PBXGroup;
			children = (
				8EF11EB026F91DF2000788EF /* HomeViewController.swift */,
				8EF11EB326F91E38000788EF /* FutureMoviesViewController.swift */,
				8EF11ED026FD49B7000788EF /* MovieDetailsViewController.swift */,
				8EF11EB526F91E91000788EF /* UserProfileViewController.swift */,
			);
			path = Screens;
			sourceTree = "<group>";
		};
		8EF11EB926F91F00000788EF /* Labels */ = {
			isa = PBXGroup;
			children = (
				8EF11EB726F91EC0000788EF /* TCMLabel.swift */,
				8EF11ED227022FAD000788EF /* TCMBodyLabel.swift */,
			);
			path = Labels;
			sourceTree = "<group>";
		};
		8EF11EBC26F91FC1000788EF /* Cells */ = {
			isa = PBXGroup;
			children = (
				8EF11EBD26F91FE8000788EF /* OnTonightCell.swift */,
				8EF11EBA26F91FA0000788EF /* MovieListingCell.swift */,
				8EF11EBF26F92040000788EF /* ProductionInfoCell.swift */,
				8EA46BB8270A72BE004DABC1 /* ScheduleCell.swift */,
				8EA46BC1270D0D61004DABC1 /* ScheduleDayHeaderCell.swift */,
			);
			path = Cells;
			sourceTree = "<group>";
		};
		8EF11EC126F920F6000788EF /* Managers */ = {
			isa = PBXGroup;
			children = (
				8EF11EC226F9210D000788EF /* NetworkManager.swift */,
				8E594EA2270793E0006FCC50 /* Persistence Manager.swift */,
			);
			path = Managers;
			sourceTree = "<group>";
		};
		8EF11EC426F92151000788EF /* Models */ = {
			isa = PBXGroup;
			children = (
				8EF11EC526F9215D000788EF /* Movie.swift */,
				8E594EA427079842006FCC50 /* Scheduled.swift */,
			);
			path = Models;
			sourceTree = "<group>";
		};
		8EF11ECD26FBDECD000788EF /* CustomViews */ = {
			isa = PBXGroup;
			children = (
				8EF11ED427023048000788EF /* ViewControllers */,
				8EF11EBC26F91FC1000788EF /* Cells */,
				8EF11ED52702305B000788EF /* Views */,
				8E594EA92707F069006FCC50 /* Buttons */,
				8EF11EB926F91F00000788EF /* Labels */,
			);
			path = CustomViews;
			sourceTree = "<group>";
		};
		8EF11ED427023048000788EF /* ViewControllers */ = {
			isa = PBXGroup;
			children = (
			);
			path = ViewControllers;
			sourceTree = "<group>";
		};
		8EF11ED52702305B000788EF /* Views */ = {
			isa = PBXGroup;
			children = (
				8EF11ECB26FBDEC7000788EF /* TCMOnTonightImageView.swift */,
				8EF11EDE27027874000788EF /* TCMGradientLayer.swift */,
			);
			path = Views;
			sourceTree = "<group>";
		};
/* End PBXGroup section */

/* Begin PBXNativeTarget section */
		8EF11E9426F905F7000788EF /* TheClassicMovieApp */ = {
			isa = PBXNativeTarget;
			buildConfigurationList = 8EF11EAC26F905FB000788EF /* Build configuration list for PBXNativeTarget "TheClassicMovieApp" */;
			buildPhases = (
				8EF11E9126F905F7000788EF /* Sources */,
				8EF11E9226F905F7000788EF /* Frameworks */,
				8EF11E9326F905F7000788EF /* Resources */,
			);
			buildRules = (
			);
			dependencies = (
			);
			name = TheClassicMovieApp;
			packageProductDependencies = (
				8EA46BBB270D0AAC004DABC1 /* Collections */,
				8EA46BBD270D0AAC004DABC1 /* DequeModule */,
				8EA46BBF270D0AAC004DABC1 /* OrderedCollections */,
			);
			productName = TheClassicMovieApp;
			productReference = 8EF11E9526F905F7000788EF /* TheClassicMovieApp.app */;
			productType = "com.apple.product-type.application";
		};
/* End PBXNativeTarget section */

/* Begin PBXProject section */
		8EF11E8D26F905F7000788EF /* Project object */ = {
			isa = PBXProject;
			attributes = {
				LastSwiftUpdateCheck = 1250;
				LastUpgradeCheck = 1250;
				TargetAttributes = {
					8EF11E9426F905F7000788EF = {
						CreatedOnToolsVersion = 12.5.1;
					};
				};
			};
			buildConfigurationList = 8EF11E9026F905F7000788EF /* Build configuration list for PBXProject "TheClassicMovieApp" */;
			compatibilityVersion = "Xcode 9.3";
			developmentRegion = en;
			hasScannedForEncodings = 0;
			knownRegions = (
				en,
				Base,
			);
			mainGroup = 8EF11E8C26F905F7000788EF;
			packageReferences = (
				8EA46BBA270D0AAC004DABC1 /* XCRemoteSwiftPackageReference "swift-collections" */,
			);
			productRefGroup = 8EF11E9626F905F7000788EF /* Products */;
			projectDirPath = "";
			projectRoot = "";
			targets = (
				8EF11E9426F905F7000788EF /* TheClassicMovieApp */,
			);
		};
/* End PBXProject section */

/* Begin PBXResourcesBuildPhase section */
		8EF11E9326F905F7000788EF /* Resources */ = {
			isa = PBXResourcesBuildPhase;
			buildActionMask = 2147483647;
			files = (
				8EF11EA826F905FB000788EF /* LaunchScreen.storyboard in Resources */,
				8EF11EA526F905FB000788EF /* Assets.xcassets in Resources */,
				8EF11EA026F905F7000788EF /* Main.storyboard in Resources */,
			);
			runOnlyForDeploymentPostprocessing = 0;
		};
/* End PBXResourcesBuildPhase section */

/* Begin PBXSourcesBuildPhase section */
		8EF11E9126F905F7000788EF /* Sources */ = {
			isa = PBXSourcesBuildPhase;
			buildActionMask = 2147483647;
			files = (
				8EF11E9926F905F7000788EF /* AppDelegate.swift in Sources */,
				8EF11EDB27027075000788EF /* CustomExtensions.swift in Sources */,
				8EF11ECC26FBDEC7000788EF /* TCMOnTonightImageView.swift in Sources */,
				8EF11EC326F9210D000788EF /* NetworkManager.swift in Sources */,
				8EF11EC626F9215D000788EF /* Movie.swift in Sources */,
				8EF11EB826F91EC0000788EF /* TCMLabel.swift in Sources */,
				8EF11ED126FD49B7000788EF /* MovieDetailsViewController.swift in Sources */,
				8EA46BC2270D0D61004DABC1 /* ScheduleDayHeaderCell.swift in Sources */,
				8E594EA527079842006FCC50 /* Scheduled.swift in Sources */,
				8EF11EB626F91E91000788EF /* UserProfileViewController.swift in Sources */,
				8EF11EBB26F91FA0000788EF /* MovieListingCell.swift in Sources */,
				8EF11EBE26F91FE8000788EF /* OnTonightCell.swift in Sources */,
				8E594EA3270793E0006FCC50 /* Persistence Manager.swift in Sources */,
				8E594EA82707F064006FCC50 /* TCMButton.swift in Sources */,
				8EF11E9B26F905F7000788EF /* SceneDelegate.swift in Sources */,
				8EF11EC826F92593000788EF /* TCMError.swift in Sources */,
				8EF11EC026F92040000788EF /* ProductionInfoCell.swift in Sources */,
				8EF11EB426F91E38000788EF /* FutureMoviesViewController.swift in Sources */,
				8EF11EA326F905F7000788EF /* TheClassicMovieApp.xcdatamodeld in Sources */,
				8EF11EB126F91DF2000788EF /* HomeViewController.swift in Sources */,
				8EF11ED327022FAD000788EF /* TCMBodyLabel.swift in Sources */,
				8EA46BB9270A72BE004DABC1 /* ScheduleCell.swift in Sources */,
				8EF11EDF27027874000788EF /* TCMGradientLayer.swift in Sources */,
			);
			runOnlyForDeploymentPostprocessing = 0;
		};
/* End PBXSourcesBuildPhase section */

/* Begin PBXVariantGroup section */
		8EF11E9E26F905F7000788EF /* Main.storyboard */ = {
			isa = PBXVariantGroup;
			children = (
				8EF11E9F26F905F7000788EF /* Base */,
			);
			name = Main.storyboard;
			sourceTree = "<group>";
		};
		8EF11EA626F905FB000788EF /* LaunchScreen.storyboard */ = {
			isa = PBXVariantGroup;
			children = (
				8EF11EA726F905FB000788EF /* Base */,
			);
			name = LaunchScreen.storyboard;
			sourceTree = "<group>";
		};
/* End PBXVariantGroup section */

/* Begin XCBuildConfiguration section */
		8EF11EAA26F905FB000788EF /* Debug */ = {
			isa = XCBuildConfiguration;
			buildSettings = {
				ALWAYS_SEARCH_USER_PATHS = NO;
				CLANG_ANALYZER_NONNULL = YES;
				CLANG_ANALYZER_NUMBER_OBJECT_CONVERSION = YES_AGGRESSIVE;
				CLANG_CXX_LANGUAGE_STANDARD = "gnu++14";
				CLANG_CXX_LIBRARY = "libc++";
				CLANG_ENABLE_MODULES = YES;
				CLANG_ENABLE_OBJC_ARC = YES;
				CLANG_ENABLE_OBJC_WEAK = YES;
				CLANG_WARN_BLOCK_CAPTURE_AUTORELEASING = YES;
				CLANG_WARN_BOOL_CONVERSION = YES;
				CLANG_WARN_COMMA = YES;
				CLANG_WARN_CONSTANT_CONVERSION = YES;
				CLANG_WARN_DEPRECATED_OBJC_IMPLEMENTATIONS = YES;
				CLANG_WARN_DIRECT_OBJC_ISA_USAGE = YES_ERROR;
				CLANG_WARN_DOCUMENTATION_COMMENTS = YES;
				CLANG_WARN_EMPTY_BODY = YES;
				CLANG_WARN_ENUM_CONVERSION = YES;
				CLANG_WARN_INFINITE_RECURSION = YES;
				CLANG_WARN_INT_CONVERSION = YES;
				CLANG_WARN_NON_LITERAL_NULL_CONVERSION = YES;
				CLANG_WARN_OBJC_IMPLICIT_RETAIN_SELF = YES;
				CLANG_WARN_OBJC_LITERAL_CONVERSION = YES;
				CLANG_WARN_OBJC_ROOT_CLASS = YES_ERROR;
				CLANG_WARN_QUOTED_INCLUDE_IN_FRAMEWORK_HEADER = YES;
				CLANG_WARN_RANGE_LOOP_ANALYSIS = YES;
				CLANG_WARN_STRICT_PROTOTYPES = YES;
				CLANG_WARN_SUSPICIOUS_MOVE = YES;
				CLANG_WARN_UNGUARDED_AVAILABILITY = YES_AGGRESSIVE;
				CLANG_WARN_UNREACHABLE_CODE = YES;
				CLANG_WARN__DUPLICATE_METHOD_MATCH = YES;
				COPY_PHASE_STRIP = NO;
				DEBUG_INFORMATION_FORMAT = dwarf;
				ENABLE_STRICT_OBJC_MSGSEND = YES;
				ENABLE_TESTABILITY = YES;
				GCC_C_LANGUAGE_STANDARD = gnu11;
				GCC_DYNAMIC_NO_PIC = NO;
				GCC_NO_COMMON_BLOCKS = YES;
				GCC_OPTIMIZATION_LEVEL = 0;
				GCC_PREPROCESSOR_DEFINITIONS = (
					"DEBUG=1",
					"$(inherited)",
				);
				GCC_WARN_64_TO_32_BIT_CONVERSION = YES;
				GCC_WARN_ABOUT_RETURN_TYPE = YES_ERROR;
				GCC_WARN_UNDECLARED_SELECTOR = YES;
				GCC_WARN_UNINITIALIZED_AUTOS = YES_AGGRESSIVE;
				GCC_WARN_UNUSED_FUNCTION = YES;
				GCC_WARN_UNUSED_VARIABLE = YES;
				IPHONEOS_DEPLOYMENT_TARGET = 14.5;
				MTL_ENABLE_DEBUG_INFO = INCLUDE_SOURCE;
				MTL_FAST_MATH = YES;
				ONLY_ACTIVE_ARCH = YES;
				SDKROOT = iphoneos;
				SWIFT_ACTIVE_COMPILATION_CONDITIONS = DEBUG;
				SWIFT_OPTIMIZATION_LEVEL = "-Onone";
			};
			name = Debug;
		};
		8EF11EAB26F905FB000788EF /* Release */ = {
			isa = XCBuildConfiguration;
			buildSettings = {
				ALWAYS_SEARCH_USER_PATHS = NO;
				CLANG_ANALYZER_NONNULL = YES;
				CLANG_ANALYZER_NUMBER_OBJECT_CONVERSION = YES_AGGRESSIVE;
				CLANG_CXX_LANGUAGE_STANDARD = "gnu++14";
				CLANG_CXX_LIBRARY = "libc++";
				CLANG_ENABLE_MODULES = YES;
				CLANG_ENABLE_OBJC_ARC = YES;
				CLANG_ENABLE_OBJC_WEAK = YES;
				CLANG_WARN_BLOCK_CAPTURE_AUTORELEASING = YES;
				CLANG_WARN_BOOL_CONVERSION = YES;
				CLANG_WARN_COMMA = YES;
				CLANG_WARN_CONSTANT_CONVERSION = YES;
				CLANG_WARN_DEPRECATED_OBJC_IMPLEMENTATIONS = YES;
				CLANG_WARN_DIRECT_OBJC_ISA_USAGE = YES_ERROR;
				CLANG_WARN_DOCUMENTATION_COMMENTS = YES;
				CLANG_WARN_EMPTY_BODY = YES;
				CLANG_WARN_ENUM_CONVERSION = YES;
				CLANG_WARN_INFINITE_RECURSION = YES;
				CLANG_WARN_INT_CONVERSION = YES;
				CLANG_WARN_NON_LITERAL_NULL_CONVERSION = YES;
				CLANG_WARN_OBJC_IMPLICIT_RETAIN_SELF = YES;
				CLANG_WARN_OBJC_LITERAL_CONVERSION = YES;
				CLANG_WARN_OBJC_ROOT_CLASS = YES_ERROR;
				CLANG_WARN_QUOTED_INCLUDE_IN_FRAMEWORK_HEADER = YES;
				CLANG_WARN_RANGE_LOOP_ANALYSIS = YES;
				CLANG_WARN_STRICT_PROTOTYPES = YES;
				CLANG_WARN_SUSPICIOUS_MOVE = YES;
				CLANG_WARN_UNGUARDED_AVAILABILITY = YES_AGGRESSIVE;
				CLANG_WARN_UNREACHABLE_CODE = YES;
				CLANG_WARN__DUPLICATE_METHOD_MATCH = YES;
				COPY_PHASE_STRIP = NO;
				DEBUG_INFORMATION_FORMAT = "dwarf-with-dsym";
				ENABLE_NS_ASSERTIONS = NO;
				ENABLE_STRICT_OBJC_MSGSEND = YES;
				GCC_C_LANGUAGE_STANDARD = gnu11;
				GCC_NO_COMMON_BLOCKS = YES;
				GCC_WARN_64_TO_32_BIT_CONVERSION = YES;
				GCC_WARN_ABOUT_RETURN_TYPE = YES_ERROR;
				GCC_WARN_UNDECLARED_SELECTOR = YES;
				GCC_WARN_UNINITIALIZED_AUTOS = YES_AGGRESSIVE;
				GCC_WARN_UNUSED_FUNCTION = YES;
				GCC_WARN_UNUSED_VARIABLE = YES;
				IPHONEOS_DEPLOYMENT_TARGET = 14.5;
				MTL_ENABLE_DEBUG_INFO = NO;
				MTL_FAST_MATH = YES;
				SDKROOT = iphoneos;
				SWIFT_COMPILATION_MODE = wholemodule;
				SWIFT_OPTIMIZATION_LEVEL = "-O";
				VALIDATE_PRODUCT = YES;
			};
			name = Release;
		};
		8EF11EAD26F905FB000788EF /* Debug */ = {
			isa = XCBuildConfiguration;
			buildSettings = {
				ASSETCATALOG_COMPILER_APPICON_NAME = AppIcon;
				ASSETCATALOG_COMPILER_GLOBAL_ACCENT_COLOR_NAME = AccentColor;
				CODE_SIGN_STYLE = Automatic;
				DEVELOPMENT_TEAM = 6DMEA6Z5ZU;
				INFOPLIST_FILE = TheClassicMovieApp/Info.plist;
				LD_RUNPATH_SEARCH_PATHS = (
					"$(inherited)",
					"@executable_path/Frameworks",
				);
				PRODUCT_BUNDLE_IDENTIFIER = com.typerdev.TheClassicMovieApp;
				PRODUCT_NAME = "$(TARGET_NAME)";
				SWIFT_VERSION = 5.0;
				TARGETED_DEVICE_FAMILY = "1,2";
			};
			name = Debug;
		};
		8EF11EAE26F905FB000788EF /* Release */ = {
			isa = XCBuildConfiguration;
			buildSettings = {
				ASSETCATALOG_COMPILER_APPICON_NAME = AppIcon;
				ASSETCATALOG_COMPILER_GLOBAL_ACCENT_COLOR_NAME = AccentColor;
				CODE_SIGN_STYLE = Automatic;
				DEVELOPMENT_TEAM = 6DMEA6Z5ZU;
				INFOPLIST_FILE = TheClassicMovieApp/Info.plist;
				LD_RUNPATH_SEARCH_PATHS = (
					"$(inherited)",
					"@executable_path/Frameworks",
				);
				PRODUCT_BUNDLE_IDENTIFIER = com.typerdev.TheClassicMovieApp;
				PRODUCT_NAME = "$(TARGET_NAME)";
				SWIFT_VERSION = 5.0;
				TARGETED_DEVICE_FAMILY = "1,2";
			};
			name = Release;
		};
/* End XCBuildConfiguration section */

/* Begin XCConfigurationList section */
		8EF11E9026F905F7000788EF /* Build configuration list for PBXProject "TheClassicMovieApp" */ = {
			isa = XCConfigurationList;
			buildConfigurations = (
				8EF11EAA26F905FB000788EF /* Debug */,
				8EF11EAB26F905FB000788EF /* Release */,
			);
			defaultConfigurationIsVisible = 0;
			defaultConfigurationName = Release;
		};
		8EF11EAC26F905FB000788EF /* Build configuration list for PBXNativeTarget "TheClassicMovieApp" */ = {
			isa = XCConfigurationList;
			buildConfigurations = (
				8EF11EAD26F905FB000788EF /* Debug */,
				8EF11EAE26F905FB000788EF /* Release */,
			);
			defaultConfigurationIsVisible = 0;
			defaultConfigurationName = Release;
		};
/* End XCConfigurationList section */

/* Begin XCRemoteSwiftPackageReference section */
		8EA46BBA270D0AAC004DABC1 /* XCRemoteSwiftPackageReference "swift-collections" */ = {
			isa = XCRemoteSwiftPackageReference;
			repositoryURL = "https://github.com/apple/swift-collections.git";
			requirement = {
				kind = upToNextMajorVersion;
				minimumVersion = 1.0.0;
			};
		};
/* End XCRemoteSwiftPackageReference section */

/* Begin XCSwiftPackageProductDependency section */
		8EA46BBB270D0AAC004DABC1 /* Collections */ = {
			isa = XCSwiftPackageProductDependency;
			package = 8EA46BBA270D0AAC004DABC1 /* XCRemoteSwiftPackageReference "swift-collections" */;
			productName = Collections;
		};
		8EA46BBD270D0AAC004DABC1 /* DequeModule */ = {
			isa = XCSwiftPackageProductDependency;
			package = 8EA46BBA270D0AAC004DABC1 /* XCRemoteSwiftPackageReference "swift-collections" */;
			productName = DequeModule;
		};
		8EA46BBF270D0AAC004DABC1 /* OrderedCollections */ = {
			isa = XCSwiftPackageProductDependency;
			package = 8EA46BBA270D0AAC004DABC1 /* XCRemoteSwiftPackageReference "swift-collections" */;
			productName = OrderedCollections;
		};
/* End XCSwiftPackageProductDependency section */

/* Begin XCVersionGroup section */
		8EF11EA126F905F7000788EF /* TheClassicMovieApp.xcdatamodeld */ = {
			isa = XCVersionGroup;
			children = (
				8EF11EA226F905F7000788EF /* TheClassicMovieApp.xcdatamodel */,
			);
			currentVersion = 8EF11EA226F905F7000788EF /* TheClassicMovieApp.xcdatamodel */;
			path = TheClassicMovieApp.xcdatamodeld;
			sourceTree = "<group>";
			versionGroupType = wrapper.xcdatamodel;
		};
/* End XCVersionGroup section */
	};
	rootObject = 8EF11E8D26F905F7000788EF /* Project object */;
}
